
Microsoft Visual Studio Solution File, Format Version 12.00
# Visual Studio Version 16
VisualStudioVersion = 16.0.30611.23
MinimumVisualStudioVersion = 10.0.40219.1
Project("{9A19103F-16F7-4668-BE54-9A1E7A4F7556}") = "SeleniumCourse", "SeleniumCourse\SeleniumCourse.csproj", "{0665B963-B156-45FF-9273-9989A7B69201}"
EndProject
Project("{2150E333-8FDC-42A3-9474-1A3956D46DE8}") = "Unit testing project", "Unit testing project", "{0D8EF9B1-2DD0-4731-B6EF-2D75A2521620}"
EndProject
Project("{FAE04EC0-301F-11D3-BF4B-00C04F79EFBC}") = "UnitTestProject1", "UnitTestProject1\UnitTestProject1.csproj", "{C0FF97AE-5AAF-4363-860E-EA385003E4F5}"
EndProject
Project("{2150E333-8FDC-42A3-9474-1A3956D46DE8}") = "Class library", "Class library", "{56E218C9-DC05-4235-B2B0-209046228B9B}"
EndProject
Project("{9A19103F-16F7-4668-BE54-9A1E7A4F7556}") = "ClassLibrary1", "ClassLibrary1\ClassLibrary1.csproj", "{93092016-277A-4257-8161-EC9EB4169DDE}"
EndProject
Project("{2150E333-8FDC-42A3-9474-1A3956D46DE8}") = "Quiz", "Quiz", "{0FE88871-BFDF-4FF9-904F-7CA82E882722}"
EndProject
Project("{FAE04EC0-301F-11D3-BF4B-00C04F79EFBC}") = "UnitTestQuiz1", "UnitTestQuiz1\UnitTestQuiz1.csproj", "{EC7BB100-FEB5-49B2-ACA2-2979A7B73033}"
EndProject
Project("{2150E333-8FDC-42A3-9474-1A3956D46DE8}") = "TestInitialize", "TestInitialize", "{8322692F-8A11-48DD-9B5A-151CE73A4611}"
EndProject
Project("{FAE04EC0-301F-11D3-BF4B-00C04F79EFBC}") = "UnitTestProject3", "UnitTestProject3\UnitTestProject3.csproj", "{56DD2D5C-08B8-49B3-A746-273BFFB99A73}"
EndProject
Project("{2150E333-8FDC-42A3-9474-1A3956D46DE8}") = "Section 5", "Section 5", "{E5311DD7-2DC8-4B86-804E-DAFC5D7B092D}"
EndProject
Project("{FAE04EC0-301F-11D3-BF4B-00C04F79EFBC}") = "Section5", "Section5\Section5.csproj", "{B75C10F7-1F19-4755-8558-51714D83AEF1}"
EndProject
Project("{2150E333-8FDC-42A3-9474-1A3956D46DE8}") = "Section 6", "Section 6", "{DCB5DB39-FCAC-4E32-A1FE-847E3FD7A17B}"
EndProject
Project("{FAE04EC0-301F-11D3-BF4B-00C04F79EFBC}") = "Section6", "Section6\Section6.csproj", "{59AEFD30-6002-4C79-A9ED-F7A7A03B979E}"
EndProject
Project("{2150E333-8FDC-42A3-9474-1A3956D46DE8}") = "QuizEmployee", "QuizEmployee", "{DB0F306C-CEFE-49F0-BC92-CF64DCD9A9DE}"
EndProject
Project("{FAE04EC0-301F-11D3-BF4B-00C04F79EFBC}") = "QuizEmployee", "QuizEmployee\QuizEmployee.csproj", "{AB4D1DAF-8AAF-48E8-96AB-B69E048077CF}"
EndProject
Global
	GlobalSection(SolutionConfigurationPlatforms) = preSolution
		Debug|Any CPU = Debug|Any CPU
		Release|Any CPU = Release|Any CPU
	EndGlobalSection
	GlobalSection(ProjectConfigurationPlatforms) = postSolution
		{0665B963-B156-45FF-9273-9989A7B69201}.Debug|Any CPU.ActiveCfg = Debug|Any CPU
		{0665B963-B156-45FF-9273-9989A7B69201}.Debug|Any CPU.Build.0 = Debug|Any CPU
		{0665B963-B156-45FF-9273-9989A7B69201}.Release|Any CPU.ActiveCfg = Release|Any CPU
		{0665B963-B156-45FF-9273-9989A7B69201}.Release|Any CPU.Build.0 = Release|Any CPU
		{C0FF97AE-5AAF-4363-860E-EA385003E4F5}.Debug|Any CPU.ActiveCfg = Debug|Any CPU
		{C0FF97AE-5AAF-4363-860E-EA385003E4F5}.Debug|Any CPU.Build.0 = Debug|Any CPU
		{C0FF97AE-5AAF-4363-860E-EA385003E4F5}.Release|Any CPU.ActiveCfg = Release|Any CPU
		{C0FF97AE-5AAF-4363-860E-EA385003E4F5}.Release|Any CPU.Build.0 = Release|Any CPU
		{93092016-277A-4257-8161-EC9EB4169DDE}.Debug|Any CPU.ActiveCfg = Debug|Any CPU
		{93092016-277A-4257-8161-EC9EB4169DDE}.Debug|Any CPU.Build.0 = Debug|Any CPU
		{93092016-277A-4257-8161-EC9EB4169DDE}.Release|Any CPU.ActiveCfg = Release|Any CPU
		{93092016-277A-4257-8161-EC9EB4169DDE}.Release|Any CPU.Build.0 = Release|Any CPU
		{EC7BB100-FEB5-49B2-ACA2-2979A7B73033}.Debug|Any CPU.ActiveCfg = Debug|Any CPU
		{EC7BB100-FEB5-49B2-ACA2-2979A7B73033}.Debug|Any CPU.Build.0 = Debug|Any CPU
		{EC7BB100-FEB5-49B2-ACA2-2979A7B73033}.Release|Any CPU.ActiveCfg = Release|Any CPU
		{EC7BB100-FEB5-49B2-ACA2-2979A7B73033}.Release|Any CPU.Build.0 = Release|Any CPU
		{56DD2D5C-08B8-49B3-A746-273BFFB99A73}.Debug|Any CPU.ActiveCfg = Debug|Any CPU
		{56DD2D5C-08B8-49B3-A746-273BFFB99A73}.Debug|Any CPU.Build.0 = Debug|Any CPU
		{56DD2D5C-08B8-49B3-A746-273BFFB99A73}.Release|Any CPU.ActiveCfg = Release|Any CPU
		{56DD2D5C-08B8-49B3-A746-273BFFB99A73}.Release|Any CPU.Build.0 = Release|Any CPU
		{B75C10F7-1F19-4755-8558-51714D83AEF1}.Debug|Any CPU.ActiveCfg = Debug|Any CPU
		{B75C10F7-1F19-4755-8558-51714D83AEF1}.Debug|Any CPU.Build.0 = Debug|Any CPU
		{B75C10F7-1F19-4755-8558-51714D83AEF1}.Release|Any CPU.ActiveCfg = Release|Any CPU
		{B75C10F7-1F19-4755-8558-51714D83AEF1}.Release|Any CPU.Build.0 = Release|Any CPU
		{59AEFD30-6002-4C79-A9ED-F7A7A03B979E}.Debug|Any CPU.ActiveCfg = Debug|Any CPU
		{59AEFD30-6002-4C79-A9ED-F7A7A03B979E}.Debug|Any CPU.Build.0 = Debug|Any CPU
		{59AEFD30-6002-4C79-A9ED-F7A7A03B979E}.Release|Any CPU.ActiveCfg = Release|Any CPU
		{59AEFD30-6002-4C79-A9ED-F7A7A03B979E}.Release|Any CPU.Build.0 = Release|Any CPU
		{AB4D1DAF-8AAF-48E8-96AB-B69E048077CF}.Debug|Any CPU.ActiveCfg = Debug|Any CPU
		{AB4D1DAF-8AAF-48E8-96AB-B69E048077CF}.Debug|Any CPU.Build.0 = Debug|Any CPU
		{AB4D1DAF-8AAF-48E8-96AB-B69E048077CF}.Release|Any CPU.ActiveCfg = Release|Any CPU
		{AB4D1DAF-8AAF-48E8-96AB-B69E048077CF}.Release|Any CPU.Build.0 = Release|Any CPU
	EndGlobalSection
	GlobalSection(SolutionProperties) = preSolution
		HideSolutionNode = FALSE
	EndGlobalSection
	GlobalSection(NestedProjects) = preSolution
		{C0FF97AE-5AAF-4363-860E-EA385003E4F5} = {0D8EF9B1-2DD0-4731-B6EF-2D75A2521620}
		{93092016-277A-4257-8161-EC9EB4169DDE} = {56E218C9-DC05-4235-B2B0-209046228B9B}
		{EC7BB100-FEB5-49B2-ACA2-2979A7B73033} = {0FE88871-BFDF-4FF9-904F-7CA82E882722}
		{56DD2D5C-08B8-49B3-A746-273BFFB99A73} = {8322692F-8A11-48DD-9B5A-151CE73A4611}
		{B75C10F7-1F19-4755-8558-51714D83AEF1} = {E5311DD7-2DC8-4B86-804E-DAFC5D7B092D}
		{59AEFD30-6002-4C79-A9ED-F7A7A03B979E} = {DCB5DB39-FCAC-4E32-A1FE-847E3FD7A17B}
		{AB4D1DAF-8AAF-48E8-96AB-B69E048077CF} = {DB0F306C-CEFE-49F0-BC92-CF64DCD9A9DE}
	EndGlobalSection
	GlobalSection(ExtensibilityGlobals) = postSolution
		SolutionGuid = {D1E8F5F7-244B-45EC-8355-27926EDDC441}
	EndGlobalSection
EndGlobal
